{
  "name": "frontend-challenge",
  "version": "1.0.0",
  "lockfileVersion": 2,
  "requires": true,
  "packages": {
    "": {
      "name": "frontend-challenge",
      "version": "1.0.0",
      "license": "ISC",
      "dependencies": {
        "vue": "^2.6.14",
        "vue-infinite-loading": "^2.4.5",
        "vue-router": "^3.5.4"
      },
      "devDependencies": {}
    },
    "node_modules/vue": {
      "version": "2.6.14",
      "resolved": "https://registry.npmjs.org/vue/-/vue-2.6.14.tgz",
      "integrity": "sha512-x2284lgYvjOMj3Za7kqzRcUSxBboHqtgRE2zlos1qWaOye5yUmHn42LB1250NJBLRwEcdrB0JRwyPTEPhfQjiQ=="
    },
    "node_modules/vue-infinite-loading": {
      "version": "2.4.5",
      "resolved": "https://registry.npmjs.org/vue-infinite-loading/-/vue-infinite-loading-2.4.5.tgz",
      "integrity": "sha512-xhq95Mxun060bRnsOoLE2Be6BR7jYwuC89kDe18+GmCLVrRA/dU0jrGb12Xu6NjmKs+iTW0AA6saSEmEW4cR7g==",
      "peerDependencies": {
        "vue": "^2.6.10"
      }
    },
    "node_modules/vue-router": {
      "version": "3.5.4",
      "resolved": "https://registry.npmjs.org/vue-router/-/vue-router-3.5.4.tgz",
      "integrity": "sha512-x+/DLAJZv2mcQ7glH2oV9ze8uPwcI+H+GgTgTmb5I55bCgY3+vXWIsqbYUzbBSZnwFHEJku4eoaH/x98veyymQ=="
    }
  },
  "dependencies": {
    "vue": {
      "version": "2.6.14",
      "resolved": "https://registry.npmjs.org/vue/-/vue-2.6.14.tgz",
      "integrity": "sha512-x2284lgYvjOMj3Za7kqzRcUSxBboHqtgRE2zlos1qWaOye5yUmHn42LB1250NJBLRwEcdrB0JRwyPTEPhfQjiQ=="
    },
    "vue-infinite-loading": {
      "version": "2.4.5",
      "resolved": "https://registry.npmjs.org/vue-infinite-loading/-/vue-infinite-loading-2.4.5.tgz",
      "integrity": "sha512-xhq95Mxun060bRnsOoLE2Be6BR7jYwuC89kDe18+GmCLVrRA/dU0jrGb12Xu6NjmKs+iTW0AA6saSEmEW4cR7g==",
      "requires": {}
    },
    "vue-router": {
      "version": "3.5.4",
      "resolved": "https://registry.npmjs.org/vue-router/-/vue-router-3.5.4.tgz",
      "integrity": "sha512-x+/DLAJZv2mcQ7glH2oV9ze8uPwcI+H+GgTgTmb5I55bCgY3+vXWIsqbYUzbBSZnwFHEJku4eoaH/x98veyymQ=="
    }
  }
}
